
Microsoft Visual Studio Solution File, Format Version 12.00
# Visual Studio Version 17
VisualStudioVersion = 17.2.32505.173
MinimumVisualStudioVersion = 10.0.40219.1
Project("{FAE04EC0-301F-11D3-BF4B-00C04F79EFBC}") = "Jwtauthdemo", "Jwtauthdemo.csproj", "{AD17BE40-F75A-46FB-85A9-A4A92B566EBE}"
EndProject
Global
	GlobalSection(SolutionConfigurationPlatforms) = preSolution
		Debug|Any CPU = Debug|Any CPU
		Release|Any CPU = Release|Any CPU
	EndGlobalSection
	GlobalSection(ProjectConfigurationPlatforms) = postSolution
		{AD17BE40-F75A-46FB-85A9-A4A92B566EBE}.Debug|Any CPU.ActiveCfg = Debug|Any CPU
		{AD17BE40-F75A-46FB-85A9-A4A92B566EBE}.Debug|Any CPU.Build.0 = Debug|Any CPU
		{AD17BE40-F75A-46FB-85A9-A4A92B566EBE}.Release|Any CPU.ActiveCfg = Release|Any CPU
		{AD17BE40-F75A-46FB-85A9-A4A92B566EBE}.Release|Any CPU.Build.0 = Release|Any CPU
	EndGlobalSection
	GlobalSection(SolutionProperties) = preSolution
		HideSolutionNode = FALSE
	EndGlobalSection
	GlobalSection(ExtensibilityGlobals) = postSolution
		SolutionGuid = {5626C2F9-11C0-494F-8A73-2BD4B244E06F}
	EndGlobalSection
EndGlobal
